# This file is automatically @generated by Poetry 1.7.1 and should not be changed by hand.

[[package]]
name = "parse-torrent-title"
version = "2.8.1"
description = "Extract media information from torrent-like filename"
optional = false
python-versions = "*"
files = [
    {file = "parse-torrent-title-2.8.1.tar.gz", hash = "sha256:939647c4bfacd2b3b878503a7bf79fcdbb11e74a895a4550eb84406d62742457"},
    {file = "parse_torrent_title-2.8.1-py2-none-any.whl", hash = "sha256:0467809b5004065e29c60dfe120499f44832c0be49dc0e7583a1325dd81bbc88"},
    {file = "parse_torrent_title-2.8.1-py3-none-any.whl", hash = "sha256:b96ee593b25fbf07150066d9d8de488b17c15c92b8b05745f984ff47db7f9fcb"},
]

[metadata]
lock-version = "2.0"
python-versions = "^3.12"
content-hash = "af5d992499467af5fbbb3ff9dbd8be09673577e0fac770d181848835549abad3"
